
Microsoft Visual Studio Solution File, Format Version 12.00
# Visual Studio Version 17
VisualStudioVersion = 17.1.32421.90
MinimumVisualStudioVersion = 10.0.40219.1
Project("{9A19103F-16F7-4668-BE54-9A1E7A4F7556}") = "Finance Control WebApi", "Finance Control WebApi.csproj", "{04E86782-F510-4AAF-93FA-A5D2750344A7}"
EndProject
Global
	GlobalSection(SolutionConfigurationPlatforms) = preSolution
		Debug|Any CPU = Debug|Any CPU
		Release|Any CPU = Release|Any CPU
	EndGlobalSection
	GlobalSection(ProjectConfigurationPlatforms) = postSolution
		{04E86782-F510-4AAF-93FA-A5D2750344A7}.Debug|Any CPU.ActiveCfg = Debug|Any CPU
		{04E86782-F510-4AAF-93FA-A5D2750344A7}.Debug|Any CPU.Build.0 = Debug|Any CPU
		{04E86782-F510-4AAF-93FA-A5D2750344A7}.Release|Any CPU.ActiveCfg = Release|Any CPU
		{04E86782-F510-4AAF-93FA-A5D2750344A7}.Release|Any CPU.Build.0 = Release|Any CPU
	EndGlobalSection
	GlobalSection(SolutionProperties) = preSolution
		HideSolutionNode = FALSE
	EndGlobalSection
	GlobalSection(ExtensibilityGlobals) = postSolution
		SolutionGuid = {DBB52471-20CA-4BF5-959D-B75D5D15B627}
	EndGlobalSection
EndGlobal
